
Microsoft Visual Studio Solution File, Format Version 12.00
# Visual Studio Version 16
VisualStudioVersion = 16.0.29613.14
MinimumVisualStudioVersion = 10.0.40219.1
Project("{FAE04EC0-301F-11D3-BF4B-00C04F79EFBC}") = "Vidly", "Vidly.csproj", "{F4F9DAA7-9467-47EF-A94F-CC82EFA96BAC}"
EndProject
Global
	GlobalSection(SolutionConfigurationPlatforms) = preSolution
		Debug|Any CPU = Debug|Any CPU
		Release|Any CPU = Release|Any CPU
	EndGlobalSection
	GlobalSection(ProjectConfigurationPlatforms) = postSolution
		{F4F9DAA7-9467-47EF-A94F-CC82EFA96BAC}.Debug|Any CPU.ActiveCfg = Debug|Any CPU
		{F4F9DAA7-9467-47EF-A94F-CC82EFA96BAC}.Debug|Any CPU.Build.0 = Debug|Any CPU
		{F4F9DAA7-9467-47EF-A94F-CC82EFA96BAC}.Release|Any CPU.ActiveCfg = Release|Any CPU
		{F4F9DAA7-9467-47EF-A94F-CC82EFA96BAC}.Release|Any CPU.Build.0 = Release|Any CPU
	EndGlobalSection
	GlobalSection(SolutionProperties) = preSolution
		HideSolutionNode = FALSE
	EndGlobalSection
	GlobalSection(ExtensibilityGlobals) = postSolution
		SolutionGuid = {4C1B0CAB-C4BD-49F8-B530-F512F3606E3B}
	EndGlobalSection
EndGlobal
